<?xml version="1.0" encoding="utf-8"?>
<Project ToolsVersion="4.0" xmlns="http://schemas.microsoft.com/developer/msbuild/2003">
  <ItemGroup>
    <Filter Include="Source Files">
      <UniqueIdentifier>{4FC737F1-C7A5-4376-A066-2A32D752A2FF}</UniqueIdentifier>
      <Extensions>cpp;c;cc;cxx;c++;cppm;ixx;def;odl;idl;hpj;bat;asm;asmx</Extensions>
    </Filter>
    <Filter Include="Header Files">
      <UniqueIdentifier>{93995380-89BD-4b04-88EB-625FBE52EBFB}</UniqueIdentifier>
      <Extensions>h;hh;hpp;hxx;h++;hm;inl;inc;ipp;xsd</Extensions>
    </Filter>
    <Filter Include="Resource Files">
      <UniqueIdentifier>{67DA6AB6-F800-4c08-8B7A-83BB121AAD01}</UniqueIdentifier>
      <Extensions>rc;ico;cur;bmp;dlg;rc2;rct;bin;rgs;gif;jpg;jpeg;jpe;resx;tiff;tif;png;wav;mfcribbon-ms</Extensions>
    </Filter>
    <Filter Include="Resource Files\Macro">
      <UniqueIdentifier>{66a1e33e-ddc7-4452-a937-7d164d0b5d29}</UniqueIdentifier>
    </Filter>
    <Filter Include="Resource Files\Color">
      <UniqueIdentifier>{c37598cf-4273-42b0-862e-ef291fb4159b}</UniqueIdentifier>
    </Filter>
    <Filter Include="Resource Files\Random">
      <UniqueIdentifier>{29fe45f6-fb57-427b-84ce-a74614d6cc6e}</UniqueIdentifier>
    </Filter>
    <Filter Include="Resource Files\Display">
      <UniqueIdentifier>{25b67f5c-9310-4f02-aabd-6f9d3d3341a3}</UniqueIdentifier>
    </Filter>
  </ItemGroup>
  <ItemGroup>
    <ClCompile Include="Main.cpp">
      <Filter>Source Files</Filter>
    </ClCompile>
    <ClCompile Include="Macro.cpp">
      <Filter>Resource Files\Macro</Filter>
    </ClCompile>
    <ClCompile Include="Random.cpp">
      <Filter>Resource Files\Random</Filter>
    </ClCompile>
    <ClCompile Include="Color.cpp">
      <Filter>Resource Files\Color</Filter>
    </ClCompile>
    <ClCompile Include="Display.cpp">
      <Filter>Resource Files\Display</Filter>
    </ClCompile>
  </ItemGroup>
  <ItemGroup>
    <ClInclude Include="Macro.h">
      <Filter>Resource Files\Macro</Filter>
    </ClInclude>
    <ClInclude Include="Color.h">
      <Filter>Resource Files\Color</Filter>
    </ClInclude>
    <ClInclude Include="Random.h">
      <Filter>Resource Files\Random</Filter>
    </ClInclude>
    <ClInclude Include="Display.h">
      <Filter>Resource Files\Display</Filter>
    </ClInclude>
  </ItemGroup>
</Project>